
Microsoft Visual Studio Solution File, Format Version 12.00
# Visual Studio Version 16
VisualStudioVersion = 16.0.29519.181
MinimumVisualStudioVersion = 10.0.40219.1
Project("{FAE04EC0-301F-11D3-BF4B-00C04F79EFBC}") = "FitnationAPI", "FitnationAPI\FitnationAPI.csproj", "{A8B9F6DA-2172-4451-88F8-2C5061762C77}"
EndProject
Project("{FAE04EC0-301F-11D3-BF4B-00C04F79EFBC}") = "Core", "Core\Core.csproj", "{AA41D5E5-0A3E-4227-BD84-C47841BE8F2A}"
EndProject
Project("{FAE04EC0-301F-11D3-BF4B-00C04F79EFBC}") = "FitnationAPI.Data", "FitnationAPI.Data\FitnationAPI.Data.csproj", "{3D641418-D9CC-4E7C-A352-7891D8BC4340}"
EndProject
Global
	GlobalSection(SolutionConfigurationPlatforms) = preSolution
		Debug|Any CPU = Debug|Any CPU
		Release|Any CPU = Release|Any CPU
	EndGlobalSection
	GlobalSection(ProjectConfigurationPlatforms) = postSolution
		{A8B9F6DA-2172-4451-88F8-2C5061762C77}.Debug|Any CPU.ActiveCfg = Debug|Any CPU
		{A8B9F6DA-2172-4451-88F8-2C5061762C77}.Debug|Any CPU.Build.0 = Debug|Any CPU
		{A8B9F6DA-2172-4451-88F8-2C5061762C77}.Release|Any CPU.ActiveCfg = Release|Any CPU
		{A8B9F6DA-2172-4451-88F8-2C5061762C77}.Release|Any CPU.Build.0 = Release|Any CPU
		{AA41D5E5-0A3E-4227-BD84-C47841BE8F2A}.Debug|Any CPU.ActiveCfg = Debug|Any CPU
		{AA41D5E5-0A3E-4227-BD84-C47841BE8F2A}.Debug|Any CPU.Build.0 = Debug|Any CPU
		{AA41D5E5-0A3E-4227-BD84-C47841BE8F2A}.Release|Any CPU.ActiveCfg = Release|Any CPU
		{AA41D5E5-0A3E-4227-BD84-C47841BE8F2A}.Release|Any CPU.Build.0 = Release|Any CPU
		{3D641418-D9CC-4E7C-A352-7891D8BC4340}.Debug|Any CPU.ActiveCfg = Debug|Any CPU
		{3D641418-D9CC-4E7C-A352-7891D8BC4340}.Debug|Any CPU.Build.0 = Debug|Any CPU
		{3D641418-D9CC-4E7C-A352-7891D8BC4340}.Release|Any CPU.ActiveCfg = Release|Any CPU
		{3D641418-D9CC-4E7C-A352-7891D8BC4340}.Release|Any CPU.Build.0 = Release|Any CPU
	EndGlobalSection
	GlobalSection(SolutionProperties) = preSolution
		HideSolutionNode = FALSE
	EndGlobalSection
	GlobalSection(ExtensibilityGlobals) = postSolution
		SolutionGuid = {D1FACEEA-8D82-40B8-808D-5F9055304669}
	EndGlobalSection
EndGlobal
